
Microsoft Visual Studio Solution File, Format Version 12.00
# Visual Studio Version 16
VisualStudioVersion = 16.0.30011.22
MinimumVisualStudioVersion = 10.0.40219.1
Project("{9A19103F-16F7-4668-BE54-9A1E7A4F7556}") = "Gu.PaftaBulucu.WebApi", "src\Gu.PaftaBulucu.WebApi\Gu.PaftaBulucu.WebApi.csproj", "{51F450FE-FA24-4CEC-8D6C-B2F6B1957598}"
EndProject
Project("{2150E333-8FDC-42A3-9474-1A3956D46DE8}") = "Test", "Test", "{A530B0F9-F32B-415C-A1FE-0EA97FFC7977}"
EndProject
Project("{9A19103F-16F7-4668-BE54-9A1E7A4F7556}") = "Gu.PaftaBulucu.WebApi.Tests", "test\Gu.PaftaBulucu.WebApi.Tests\Gu.PaftaBulucu.WebApi.Tests.csproj", "{A5E4D55A-59BC-4D29-AA8A-8ADA19F258CC}"
EndProject
Project("{9A19103F-16F7-4668-BE54-9A1E7A4F7556}") = "Gu.PaftaBulucu.Business", "src\Gu.PaftaBulucu.Business\Gu.PaftaBulucu.Business.csproj", "{AF614F84-6980-4D31-8898-5119AFAEF7B4}"
EndProject
Project("{9A19103F-16F7-4668-BE54-9A1E7A4F7556}") = "Gu.PaftaBulucu.Data", "src\Gu.PaftaBulucu.Data\Gu.PaftaBulucu.Data.csproj", "{FF4E7EDC-6EC2-4908-B38F-3D8B5EA74D27}"
EndProject
Project("{9A19103F-16F7-4668-BE54-9A1E7A4F7556}") = "Gu.PaftaBulucu.Data.Tests", "test\Gu.PaftaBulucu.Data.Tests\Gu.PaftaBulucu.Data.Tests.csproj", "{BEE78012-81F9-43ED-B038-91015A3712F4}"
EndProject
Project("{9A19103F-16F7-4668-BE54-9A1E7A4F7556}") = "Gu.PaftaBulucu.Business.Tests", "test\Gu.PaftaBulucu.Business.Tests\Gu.PaftaBulucu.Business.Tests.csproj", "{F63B274A-9388-42E4-9999-E89A576D19E1}"
EndProject
Project("{2150E333-8FDC-42A3-9474-1A3956D46DE8}") = "Solution Files", "Solution Files", "{9967E447-3FB4-461A-9A39-EB8E2CFC1D23}"
	ProjectSection(SolutionItems) = preProject
		.gitignore = .gitignore
		aws-lambda-tools-defaults.json = aws-lambda-tools-defaults.json
		.github\workflows\deploy.yml = .github\workflows\deploy.yml
		Readme.md = Readme.md
		template.yml = template.yml
	EndProjectSection
EndProject
Project("{9A19103F-16F7-4668-BE54-9A1E7A4F7556}") = "Gu.ApiGateway.CustomAuthorizer", "src\Gu.ApiGateway.CustomAuthorizer\Gu.ApiGateway.CustomAuthorizer.csproj", "{6E78977F-3709-48C2-A0B8-F9EA6AB952CD}"
EndProject
Project("{9A19103F-16F7-4668-BE54-9A1E7A4F7556}") = "Gu.PaftaBulucu.Bot", "src\Gu.PaftaBulucu.Bot\Gu.PaftaBulucu.Bot.csproj", "{23452E5E-DC65-43CF-ACE0-688FDCBA61CF}"
EndProject
Project("{9A19103F-16F7-4668-BE54-9A1E7A4F7556}") = "Gu.MailChimp.Api", "src\Gu.MailChimp.Api\Gu.MailChimp.Api.csproj", "{04115FA7-276F-45E9-BA20-ACD942C656C5}"
EndProject
Global
	GlobalSection(SolutionConfigurationPlatforms) = preSolution
		Debug|Any CPU = Debug|Any CPU
		Release|Any CPU = Release|Any CPU
	EndGlobalSection
	GlobalSection(ProjectConfigurationPlatforms) = postSolution
		{51F450FE-FA24-4CEC-8D6C-B2F6B1957598}.Debug|Any CPU.ActiveCfg = Debug|Any CPU
		{51F450FE-FA24-4CEC-8D6C-B2F6B1957598}.Debug|Any CPU.Build.0 = Debug|Any CPU
		{51F450FE-FA24-4CEC-8D6C-B2F6B1957598}.Release|Any CPU.ActiveCfg = Release|Any CPU
		{51F450FE-FA24-4CEC-8D6C-B2F6B1957598}.Release|Any CPU.Build.0 = Release|Any CPU
		{A5E4D55A-59BC-4D29-AA8A-8ADA19F258CC}.Debug|Any CPU.ActiveCfg = Debug|Any CPU
		{A5E4D55A-59BC-4D29-AA8A-8ADA19F258CC}.Debug|Any CPU.Build.0 = Debug|Any CPU
		{A5E4D55A-59BC-4D29-AA8A-8ADA19F258CC}.Release|Any CPU.ActiveCfg = Release|Any CPU
		{A5E4D55A-59BC-4D29-AA8A-8ADA19F258CC}.Release|Any CPU.Build.0 = Release|Any CPU
		{AF614F84-6980-4D31-8898-5119AFAEF7B4}.Debug|Any CPU.ActiveCfg = Debug|Any CPU
		{AF614F84-6980-4D31-8898-5119AFAEF7B4}.Debug|Any CPU.Build.0 = Debug|Any CPU
		{AF614F84-6980-4D31-8898-5119AFAEF7B4}.Release|Any CPU.ActiveCfg = Release|Any CPU
		{AF614F84-6980-4D31-8898-5119AFAEF7B4}.Release|Any CPU.Build.0 = Release|Any CPU
		{FF4E7EDC-6EC2-4908-B38F-3D8B5EA74D27}.Debug|Any CPU.ActiveCfg = Debug|Any CPU
		{FF4E7EDC-6EC2-4908-B38F-3D8B5EA74D27}.Debug|Any CPU.Build.0 = Debug|Any CPU
		{FF4E7EDC-6EC2-4908-B38F-3D8B5EA74D27}.Release|Any CPU.ActiveCfg = Release|Any CPU
		{FF4E7EDC-6EC2-4908-B38F-3D8B5EA74D27}.Release|Any CPU.Build.0 = Release|Any CPU
		{BEE78012-81F9-43ED-B038-91015A3712F4}.Debug|Any CPU.ActiveCfg = Debug|Any CPU
		{BEE78012-81F9-43ED-B038-91015A3712F4}.Debug|Any CPU.Build.0 = Debug|Any CPU
		{BEE78012-81F9-43ED-B038-91015A3712F4}.Release|Any CPU.ActiveCfg = Release|Any CPU
		{BEE78012-81F9-43ED-B038-91015A3712F4}.Release|Any CPU.Build.0 = Release|Any CPU
		{F63B274A-9388-42E4-9999-E89A576D19E1}.Debug|Any CPU.ActiveCfg = Debug|Any CPU
		{F63B274A-9388-42E4-9999-E89A576D19E1}.Debug|Any CPU.Build.0 = Debug|Any CPU
		{F63B274A-9388-42E4-9999-E89A576D19E1}.Release|Any CPU.ActiveCfg = Release|Any CPU
		{F63B274A-9388-42E4-9999-E89A576D19E1}.Release|Any CPU.Build.0 = Release|Any CPU
		{6E78977F-3709-48C2-A0B8-F9EA6AB952CD}.Debug|Any CPU.ActiveCfg = Debug|Any CPU
		{6E78977F-3709-48C2-A0B8-F9EA6AB952CD}.Debug|Any CPU.Build.0 = Debug|Any CPU
		{6E78977F-3709-48C2-A0B8-F9EA6AB952CD}.Release|Any CPU.ActiveCfg = Release|Any CPU
		{6E78977F-3709-48C2-A0B8-F9EA6AB952CD}.Release|Any CPU.Build.0 = Release|Any CPU
		{23452E5E-DC65-43CF-ACE0-688FDCBA61CF}.Debug|Any CPU.ActiveCfg = Debug|Any CPU
		{23452E5E-DC65-43CF-ACE0-688FDCBA61CF}.Debug|Any CPU.Build.0 = Debug|Any CPU
		{23452E5E-DC65-43CF-ACE0-688FDCBA61CF}.Release|Any CPU.ActiveCfg = Release|Any CPU
		{23452E5E-DC65-43CF-ACE0-688FDCBA61CF}.Release|Any CPU.Build.0 = Release|Any CPU
		{04115FA7-276F-45E9-BA20-ACD942C656C5}.Debug|Any CPU.ActiveCfg = Debug|Any CPU
		{04115FA7-276F-45E9-BA20-ACD942C656C5}.Debug|Any CPU.Build.0 = Debug|Any CPU
		{04115FA7-276F-45E9-BA20-ACD942C656C5}.Release|Any CPU.ActiveCfg = Release|Any CPU
		{04115FA7-276F-45E9-BA20-ACD942C656C5}.Release|Any CPU.Build.0 = Release|Any CPU
	EndGlobalSection
	GlobalSection(SolutionProperties) = preSolution
		HideSolutionNode = FALSE
	EndGlobalSection
	GlobalSection(NestedProjects) = preSolution
		{A5E4D55A-59BC-4D29-AA8A-8ADA19F258CC} = {A530B0F9-F32B-415C-A1FE-0EA97FFC7977}
		{BEE78012-81F9-43ED-B038-91015A3712F4} = {A530B0F9-F32B-415C-A1FE-0EA97FFC7977}
		{F63B274A-9388-42E4-9999-E89A576D19E1} = {A530B0F9-F32B-415C-A1FE-0EA97FFC7977}
	EndGlobalSection
	GlobalSection(ExtensibilityGlobals) = postSolution
		SolutionGuid = {A73A2AAF-3DCD-4D8C-9DEC-D8B0D010F572}
	EndGlobalSection
EndGlobal
